
Microsoft Visual Studio Solution File, Format Version 12.00
# Visual Studio Version 17
VisualStudioVersion = 17.8.34408.163
MinimumVisualStudioVersion = 10.0.40219.1
Project("{FAE04EC0-301F-11D3-BF4B-00C04F79EFBC}") = "MIS_3033_HW11_WesleyPatterson", "MIS_3033_HW11_WesleyPatterson\MIS_3033_HW11_WesleyPatterson.csproj", "{44DD302E-1E49-4BA6-B93E-0E72359AB6E0}"
EndProject
Global
	GlobalSection(SolutionConfigurationPlatforms) = preSolution
		Debug|Any CPU = Debug|Any CPU
		Release|Any CPU = Release|Any CPU
	EndGlobalSection
	GlobalSection(ProjectConfigurationPlatforms) = postSolution
		{44DD302E-1E49-4BA6-B93E-0E72359AB6E0}.Debug|Any CPU.ActiveCfg = Debug|Any CPU
		{44DD302E-1E49-4BA6-B93E-0E72359AB6E0}.Debug|Any CPU.Build.0 = Debug|Any CPU
		{44DD302E-1E49-4BA6-B93E-0E72359AB6E0}.Release|Any CPU.ActiveCfg = Release|Any CPU
		{44DD302E-1E49-4BA6-B93E-0E72359AB6E0}.Release|Any CPU.Build.0 = Release|Any CPU
	EndGlobalSection
	GlobalSection(SolutionProperties) = preSolution
		HideSolutionNode = FALSE
	EndGlobalSection
	GlobalSection(ExtensibilityGlobals) = postSolution
		SolutionGuid = {30A4277C-D60D-412A-AE09-1D5832AB9113}
	EndGlobalSection
EndGlobal
